
Microsoft Visual Studio Solution File, Format Version 12.00
# Visual Studio 14
VisualStudioVersion = 14.0.25420.1
MinimumVisualStudioVersion = 10.0.40219.1
Project("{2150E333-8FDC-42A3-9474-1A3956D46DE8}") = "src", "src", "{40715D2D-BA93-4F23-AADF-EADE46D70FE1}"
EndProject
Project("{2150E333-8FDC-42A3-9474-1A3956D46DE8}") = "Solution Items", "Solution Items", "{0283B997-B260-4F26-9133-7A70BA08C0B1}"
	ProjectSection(SolutionItems) = preProject
		global.json = global.json
		ReadMe.txt = ReadMe.txt
	EndProjectSection
EndProject
Project("{8BB2217D-0F2D-49D1-97BC-3654ED321F3B}") = "Tracker.Admin.Web", "src\Tracker.Admin.Web\Tracker.Admin.Web.xproj", "{7092639B-6C9A-45C6-8A65-664AB627054A}"
EndProject
Global
	GlobalSection(SolutionConfigurationPlatforms) = preSolution
		Debug|Any CPU = Debug|Any CPU
		Release|Any CPU = Release|Any CPU
	EndGlobalSection
	GlobalSection(ProjectConfigurationPlatforms) = postSolution
		{7092639B-6C9A-45C6-8A65-664AB627054A}.Debug|Any CPU.ActiveCfg = Debug|Any CPU
		{7092639B-6C9A-45C6-8A65-664AB627054A}.Debug|Any CPU.Build.0 = Debug|Any CPU
		{7092639B-6C9A-45C6-8A65-664AB627054A}.Release|Any CPU.ActiveCfg = Release|Any CPU
		{7092639B-6C9A-45C6-8A65-664AB627054A}.Release|Any CPU.Build.0 = Release|Any CPU
	EndGlobalSection
	GlobalSection(SolutionProperties) = preSolution
		HideSolutionNode = FALSE
	EndGlobalSection
	GlobalSection(NestedProjects) = preSolution
		{7092639B-6C9A-45C6-8A65-664AB627054A} = {40715D2D-BA93-4F23-AADF-EADE46D70FE1}
	EndGlobalSection
EndGlobal
